
Microsoft Visual Studio Solution File, Format Version 12.00
# Visual Studio 2012
Project("{FAE04EC0-301F-11D3-BF4B-00C04F79EFBC}") = "xamarindemo", "xamarindemo\xamarindemo.csproj", "{106EC4C4-FF0B-4EEF-B625-CC69DBD1F68C}"
EndProject
Project("{FAE04EC0-301F-11D3-BF4B-00C04F79EFBC}") = "xamarindemo.UITests", "xamarindemo.UITests\xamarindemo.UITests.csproj", "{1BC56734-871D-4D4A-B28A-062958C2A3A7}"
EndProject
Global
	GlobalSection(SolutionConfigurationPlatforms) = preSolution
		Debug|iPhoneSimulator = Debug|iPhoneSimulator
		Release|iPhone = Release|iPhone
		Release|iPhoneSimulator = Release|iPhoneSimulator
		Debug|iPhone = Debug|iPhone
		Debug|Any CPU = Debug|Any CPU
		Release|Any CPU = Release|Any CPU
	EndGlobalSection
	GlobalSection(ProjectConfigurationPlatforms) = postSolution
		{106EC4C4-FF0B-4EEF-B625-CC69DBD1F68C}.Debug|Any CPU.ActiveCfg = Debug|iPhoneSimulator
		{106EC4C4-FF0B-4EEF-B625-CC69DBD1F68C}.Debug|Any CPU.Build.0 = Debug|iPhoneSimulator
		{106EC4C4-FF0B-4EEF-B625-CC69DBD1F68C}.Debug|iPhone.ActiveCfg = Debug|iPhone
		{106EC4C4-FF0B-4EEF-B625-CC69DBD1F68C}.Debug|iPhone.Build.0 = Debug|iPhone
		{106EC4C4-FF0B-4EEF-B625-CC69DBD1F68C}.Debug|iPhoneSimulator.ActiveCfg = Debug|iPhoneSimulator
		{106EC4C4-FF0B-4EEF-B625-CC69DBD1F68C}.Debug|iPhoneSimulator.Build.0 = Debug|iPhoneSimulator
		{106EC4C4-FF0B-4EEF-B625-CC69DBD1F68C}.Release|Any CPU.ActiveCfg = Release|iPhone
		{106EC4C4-FF0B-4EEF-B625-CC69DBD1F68C}.Release|Any CPU.Build.0 = Release|iPhone
		{106EC4C4-FF0B-4EEF-B625-CC69DBD1F68C}.Release|iPhone.ActiveCfg = Release|iPhone
		{106EC4C4-FF0B-4EEF-B625-CC69DBD1F68C}.Release|iPhone.Build.0 = Release|iPhone
		{106EC4C4-FF0B-4EEF-B625-CC69DBD1F68C}.Release|iPhoneSimulator.ActiveCfg = Release|iPhoneSimulator
		{106EC4C4-FF0B-4EEF-B625-CC69DBD1F68C}.Release|iPhoneSimulator.Build.0 = Release|iPhoneSimulator
		{1BC56734-871D-4D4A-B28A-062958C2A3A7}.Debug|Any CPU.ActiveCfg = Debug|Any CPU
		{1BC56734-871D-4D4A-B28A-062958C2A3A7}.Debug|Any CPU.Build.0 = Debug|Any CPU
		{1BC56734-871D-4D4A-B28A-062958C2A3A7}.Debug|iPhone.ActiveCfg = Debug|Any CPU
		{1BC56734-871D-4D4A-B28A-062958C2A3A7}.Debug|iPhone.Build.0 = Debug|Any CPU
		{1BC56734-871D-4D4A-B28A-062958C2A3A7}.Debug|iPhoneSimulator.ActiveCfg = Debug|Any CPU
		{1BC56734-871D-4D4A-B28A-062958C2A3A7}.Debug|iPhoneSimulator.Build.0 = Debug|Any CPU
		{1BC56734-871D-4D4A-B28A-062958C2A3A7}.Release|Any CPU.ActiveCfg = Release|Any CPU
		{1BC56734-871D-4D4A-B28A-062958C2A3A7}.Release|Any CPU.Build.0 = Release|Any CPU
		{1BC56734-871D-4D4A-B28A-062958C2A3A7}.Release|iPhone.ActiveCfg = Release|Any CPU
		{1BC56734-871D-4D4A-B28A-062958C2A3A7}.Release|iPhone.Build.0 = Release|Any CPU
		{1BC56734-871D-4D4A-B28A-062958C2A3A7}.Release|iPhoneSimulator.ActiveCfg = Release|Any CPU
		{1BC56734-871D-4D4A-B28A-062958C2A3A7}.Release|iPhoneSimulator.Build.0 = Release|Any CPU
	EndGlobalSection
EndGlobal
